
Microsoft Visual Studio Solution File, Format Version 12.00
# Visual Studio Version 17
VisualStudioVersion = 17.5.33502.453
MinimumVisualStudioVersion = 10.0.40219.1
Project("{FAE04EC0-301F-11D3-BF4B-00C04F79EFBC}") = "MyDictionary", "MyDictionary\MyDictionary.csproj", "{429EE251-1F85-4D4F-B0C3-3A6F1419EB08}"
EndProject
Global
	GlobalSection(SolutionConfigurationPlatforms) = preSolution
		Debug|Any CPU = Debug|Any CPU
		Release|Any CPU = Release|Any CPU
	EndGlobalSection
	GlobalSection(ProjectConfigurationPlatforms) = postSolution
		{429EE251-1F85-4D4F-B0C3-3A6F1419EB08}.Debug|Any CPU.ActiveCfg = Debug|Any CPU
		{429EE251-1F85-4D4F-B0C3-3A6F1419EB08}.Debug|Any CPU.Build.0 = Debug|Any CPU
		{429EE251-1F85-4D4F-B0C3-3A6F1419EB08}.Release|Any CPU.ActiveCfg = Release|Any CPU
		{429EE251-1F85-4D4F-B0C3-3A6F1419EB08}.Release|Any CPU.Build.0 = Release|Any CPU
	EndGlobalSection
	GlobalSection(SolutionProperties) = preSolution
		HideSolutionNode = FALSE
	EndGlobalSection
	GlobalSection(ExtensibilityGlobals) = postSolution
		SolutionGuid = {2C5E4FCD-0520-4D68-8091-6E635295026C}
	EndGlobalSection
EndGlobal
